
Microsoft Visual Studio Solution File, Format Version 12.00
# Visual Studio 14
VisualStudioVersion = 14.0.23107.0
MinimumVisualStudioVersion = 10.0.40219.1
Project("{FAE04EC0-301F-11D3-BF4B-00C04F79EFBC}") = "ConsoleApplication1", "ConsoleApplication1\ConsoleApplication1.csproj", "{C131A277-EB3E-4E62-8AAE-CC036ED5A551}"
EndProject
Project("{FAE04EC0-301F-11D3-BF4B-00C04F79EFBC}") = "类型转换显式加隐式", "类型转换显式加隐式\类型转换显式加隐式.csproj", "{9F50A700-A0FF-427C-B329-53D726507917}"
EndProject
Project("{FAE04EC0-301F-11D3-BF4B-00C04F79EFBC}") = "交错数组", "交错数组\交错数组.csproj", "{0D5C7F22-73EA-4C93-933B-C0E3E044DE5D}"
EndProject
Project("{FAE04EC0-301F-11D3-BF4B-00C04F79EFBC}") = "触发事件", "触发事件\触发事件.csproj", "{A2989E7D-D57B-4517-8997-AA2B44C9C50F}"
EndProject
Project("{FAE04EC0-301F-11D3-BF4B-00C04F79EFBC}") = "泛型", "泛型\泛型.csproj", "{957F2B02-4F2D-4947-879B-B93B623DA6EB}"
EndProject
Global
	GlobalSection(SolutionConfigurationPlatforms) = preSolution
		Debug|Any CPU = Debug|Any CPU
		Release|Any CPU = Release|Any CPU
	EndGlobalSection
	GlobalSection(ProjectConfigurationPlatforms) = postSolution
		{C131A277-EB3E-4E62-8AAE-CC036ED5A551}.Debug|Any CPU.ActiveCfg = Debug|Any CPU
		{C131A277-EB3E-4E62-8AAE-CC036ED5A551}.Debug|Any CPU.Build.0 = Debug|Any CPU
		{C131A277-EB3E-4E62-8AAE-CC036ED5A551}.Release|Any CPU.ActiveCfg = Release|Any CPU
		{C131A277-EB3E-4E62-8AAE-CC036ED5A551}.Release|Any CPU.Build.0 = Release|Any CPU
		{9F50A700-A0FF-427C-B329-53D726507917}.Debug|Any CPU.ActiveCfg = Debug|Any CPU
		{9F50A700-A0FF-427C-B329-53D726507917}.Debug|Any CPU.Build.0 = Debug|Any CPU
		{9F50A700-A0FF-427C-B329-53D726507917}.Release|Any CPU.ActiveCfg = Release|Any CPU
		{9F50A700-A0FF-427C-B329-53D726507917}.Release|Any CPU.Build.0 = Release|Any CPU
		{0D5C7F22-73EA-4C93-933B-C0E3E044DE5D}.Debug|Any CPU.ActiveCfg = Debug|Any CPU
		{0D5C7F22-73EA-4C93-933B-C0E3E044DE5D}.Debug|Any CPU.Build.0 = Debug|Any CPU
		{0D5C7F22-73EA-4C93-933B-C0E3E044DE5D}.Release|Any CPU.ActiveCfg = Release|Any CPU
		{0D5C7F22-73EA-4C93-933B-C0E3E044DE5D}.Release|Any CPU.Build.0 = Release|Any CPU
		{A2989E7D-D57B-4517-8997-AA2B44C9C50F}.Debug|Any CPU.ActiveCfg = Debug|Any CPU
		{A2989E7D-D57B-4517-8997-AA2B44C9C50F}.Debug|Any CPU.Build.0 = Debug|Any CPU
		{A2989E7D-D57B-4517-8997-AA2B44C9C50F}.Release|Any CPU.ActiveCfg = Release|Any CPU
		{A2989E7D-D57B-4517-8997-AA2B44C9C50F}.Release|Any CPU.Build.0 = Release|Any CPU
		{957F2B02-4F2D-4947-879B-B93B623DA6EB}.Debug|Any CPU.ActiveCfg = Debug|Any CPU
		{957F2B02-4F2D-4947-879B-B93B623DA6EB}.Debug|Any CPU.Build.0 = Debug|Any CPU
		{957F2B02-4F2D-4947-879B-B93B623DA6EB}.Release|Any CPU.ActiveCfg = Release|Any CPU
		{957F2B02-4F2D-4947-879B-B93B623DA6EB}.Release|Any CPU.Build.0 = Release|Any CPU
	EndGlobalSection
	GlobalSection(SolutionProperties) = preSolution
		HideSolutionNode = FALSE
	EndGlobalSection
EndGlobal
